
Microsoft Visual Studio Solution File, Format Version 12.00
# Visual Studio 14
VisualStudioVersion = 14.0.25420.1
MinimumVisualStudioVersion = 10.0.40219.1
Project("{FAE04EC0-301F-11D3-BF4B-00C04F79EFBC}") = "CompuStore.Reports", "CompuStore.Reports\CompuStore.Reports.csproj", "{8EF53595-C3F8-410E-8794-A45FB7000E0A}"
EndProject
Project("{FAE04EC0-301F-11D3-BF4B-00C04F79EFBC}") = "CompuStore", "CompuStore\CompuStore.csproj", "{99C9E82C-C594-446D-AA59-8FFBC43AD226}"
EndProject
Project("{FAE04EC0-301F-11D3-BF4B-00C04F79EFBC}") = "CompuStore.Store", "CompuStore.Store\CompuStore.Store.csproj", "{3153EA48-1F07-44D2-A3B5-8AC8BFB1194D}"
EndProject
Project("{FAE04EC0-301F-11D3-BF4B-00C04F79EFBC}") = "CompuStore.Clients", "CompuStore.Clients\CompuStore.Clients.csproj", "{901934ED-35B1-4D60-BA72-F66FDB30328A}"
EndProject
Project("{FAE04EC0-301F-11D3-BF4B-00C04F79EFBC}") = "CompuStore.Suppliers", "CompuStore.Suppliers\CompuStore.Suppliers.csproj", "{27F39196-187B-48EE-8494-1C4C9F09FB40}"
EndProject
Project("{FAE04EC0-301F-11D3-BF4B-00C04F79EFBC}") = "Model", "Model\Model.csproj", "{E3090564-2B83-4B09-948E-A9F1CA887E97}"
EndProject
Project("{FAE04EC0-301F-11D3-BF4B-00C04F79EFBC}") = "Service", "Service\Service.csproj", "{0F394864-9D78-4D49-BC72-29CDD5131B54}"
EndProject
Project("{FAE04EC0-301F-11D3-BF4B-00C04F79EFBC}") = "CompuStore.Infrastructure", "CompuStore.Infrastructure\CompuStore.Infrastructure.csproj", "{CB38702B-7E25-4896-B74D-727F3486DB86}"
EndProject
Project("{FAE04EC0-301F-11D3-BF4B-00C04F79EFBC}") = "CompuStore.Register", "CompuStore.Register\CompuStore.Register.csproj", "{AB8B448C-DD74-4D60-A041-3E5D03A32180}"
EndProject
Project("{FAE04EC0-301F-11D3-BF4B-00C04F79EFBC}") = "KeyGenerator", "KeyGenerator\KeyGenerator.csproj", "{E816F61A-B7A0-45B0-8BDA-0A838BCE8F70}"
EndProject
Global
	GlobalSection(SolutionConfigurationPlatforms) = preSolution
		Debug|Any CPU = Debug|Any CPU
		Release|Any CPU = Release|Any CPU
	EndGlobalSection
	GlobalSection(ProjectConfigurationPlatforms) = postSolution
		{8EF53595-C3F8-410E-8794-A45FB7000E0A}.Debug|Any CPU.ActiveCfg = Debug|Any CPU
		{8EF53595-C3F8-410E-8794-A45FB7000E0A}.Debug|Any CPU.Build.0 = Debug|Any CPU
		{8EF53595-C3F8-410E-8794-A45FB7000E0A}.Release|Any CPU.ActiveCfg = Release|Any CPU
		{8EF53595-C3F8-410E-8794-A45FB7000E0A}.Release|Any CPU.Build.0 = Release|Any CPU
		{99C9E82C-C594-446D-AA59-8FFBC43AD226}.Debug|Any CPU.ActiveCfg = Debug|Any CPU
		{99C9E82C-C594-446D-AA59-8FFBC43AD226}.Debug|Any CPU.Build.0 = Debug|Any CPU
		{99C9E82C-C594-446D-AA59-8FFBC43AD226}.Release|Any CPU.ActiveCfg = Release|Any CPU
		{99C9E82C-C594-446D-AA59-8FFBC43AD226}.Release|Any CPU.Build.0 = Release|Any CPU
		{3153EA48-1F07-44D2-A3B5-8AC8BFB1194D}.Debug|Any CPU.ActiveCfg = Debug|Any CPU
		{3153EA48-1F07-44D2-A3B5-8AC8BFB1194D}.Debug|Any CPU.Build.0 = Debug|Any CPU
		{3153EA48-1F07-44D2-A3B5-8AC8BFB1194D}.Release|Any CPU.ActiveCfg = Release|Any CPU
		{3153EA48-1F07-44D2-A3B5-8AC8BFB1194D}.Release|Any CPU.Build.0 = Release|Any CPU
		{901934ED-35B1-4D60-BA72-F66FDB30328A}.Debug|Any CPU.ActiveCfg = Debug|Any CPU
		{901934ED-35B1-4D60-BA72-F66FDB30328A}.Debug|Any CPU.Build.0 = Debug|Any CPU
		{901934ED-35B1-4D60-BA72-F66FDB30328A}.Release|Any CPU.ActiveCfg = Release|Any CPU
		{901934ED-35B1-4D60-BA72-F66FDB30328A}.Release|Any CPU.Build.0 = Release|Any CPU
		{27F39196-187B-48EE-8494-1C4C9F09FB40}.Debug|Any CPU.ActiveCfg = Debug|Any CPU
		{27F39196-187B-48EE-8494-1C4C9F09FB40}.Debug|Any CPU.Build.0 = Debug|Any CPU
		{27F39196-187B-48EE-8494-1C4C9F09FB40}.Release|Any CPU.ActiveCfg = Release|Any CPU
		{27F39196-187B-48EE-8494-1C4C9F09FB40}.Release|Any CPU.Build.0 = Release|Any CPU
		{E3090564-2B83-4B09-948E-A9F1CA887E97}.Debug|Any CPU.ActiveCfg = Debug|Any CPU
		{E3090564-2B83-4B09-948E-A9F1CA887E97}.Debug|Any CPU.Build.0 = Debug|Any CPU
		{E3090564-2B83-4B09-948E-A9F1CA887E97}.Release|Any CPU.ActiveCfg = Release|Any CPU
		{E3090564-2B83-4B09-948E-A9F1CA887E97}.Release|Any CPU.Build.0 = Release|Any CPU
		{0F394864-9D78-4D49-BC72-29CDD5131B54}.Debug|Any CPU.ActiveCfg = Debug|Any CPU
		{0F394864-9D78-4D49-BC72-29CDD5131B54}.Debug|Any CPU.Build.0 = Debug|Any CPU
		{0F394864-9D78-4D49-BC72-29CDD5131B54}.Release|Any CPU.ActiveCfg = Release|Any CPU
		{0F394864-9D78-4D49-BC72-29CDD5131B54}.Release|Any CPU.Build.0 = Release|Any CPU
		{CB38702B-7E25-4896-B74D-727F3486DB86}.Debug|Any CPU.ActiveCfg = Debug|Any CPU
		{CB38702B-7E25-4896-B74D-727F3486DB86}.Debug|Any CPU.Build.0 = Debug|Any CPU
		{CB38702B-7E25-4896-B74D-727F3486DB86}.Release|Any CPU.ActiveCfg = Release|Any CPU
		{CB38702B-7E25-4896-B74D-727F3486DB86}.Release|Any CPU.Build.0 = Release|Any CPU
		{AB8B448C-DD74-4D60-A041-3E5D03A32180}.Debug|Any CPU.ActiveCfg = Debug|Any CPU
		{AB8B448C-DD74-4D60-A041-3E5D03A32180}.Debug|Any CPU.Build.0 = Debug|Any CPU
		{AB8B448C-DD74-4D60-A041-3E5D03A32180}.Release|Any CPU.ActiveCfg = Release|Any CPU
		{AB8B448C-DD74-4D60-A041-3E5D03A32180}.Release|Any CPU.Build.0 = Release|Any CPU
		{E816F61A-B7A0-45B0-8BDA-0A838BCE8F70}.Debug|Any CPU.ActiveCfg = Debug|Any CPU
		{E816F61A-B7A0-45B0-8BDA-0A838BCE8F70}.Debug|Any CPU.Build.0 = Debug|Any CPU
		{E816F61A-B7A0-45B0-8BDA-0A838BCE8F70}.Release|Any CPU.ActiveCfg = Release|Any CPU
		{E816F61A-B7A0-45B0-8BDA-0A838BCE8F70}.Release|Any CPU.Build.0 = Release|Any CPU
	EndGlobalSection
	GlobalSection(SolutionProperties) = preSolution
		HideSolutionNode = FALSE
	EndGlobalSection
EndGlobal
